Microsoft Visual Studio Solution File, Format Version 12.00
# Visual Studio Version 17
VisualStudioVersion = 17.5.2.0
MinimumVisualStudioVersion = 10.0.40219.1
Project("{FAE04EC0-301F-11D3-BF4B-00C04F79EFBC}") = "HotelWex", "HotelWex\HotelWex.csproj", "{6C07BC0B-19A0-C9EC-E690-E8B40B28DD4A}"
EndProject
Global
	GlobalSection(SolutionConfigurationPlatforms) = preSolution
		Debug|Any CPU = Debug|Any CPU
		Release|Any CPU = Release|Any CPU
	EndGlobalSection
	GlobalSection(ProjectConfigurationPlatforms) = postSolution
		{6C07BC0B-19A0-C9EC-E690-E8B40B28DD4A}.Debug|Any CPU.ActiveCfg = Debug|Any CPU
		{6C07BC0B-19A0-C9EC-E690-E8B40B28DD4A}.Debug|Any CPU.Build.0 = Debug|Any CPU
		{6C07BC0B-19A0-C9EC-E690-E8B40B28DD4A}.Release|Any CPU.ActiveCfg = Release|Any CPU
		{6C07BC0B-19A0-C9EC-E690-E8B40B28DD4A}.Release|Any CPU.Build.0 = Release|Any CPU
	EndGlobalSection
	GlobalSection(SolutionProperties) = preSolution
		HideSolutionNode = FALSE
	EndGlobalSection
	GlobalSection(ExtensibilityGlobals) = postSolution
		SolutionGuid = {72B7784A-4563-4ED0-853D-CC459D542B5D}
	EndGlobalSection
EndGlobal
